# This file is automatically @generated by Cargo.
# It is not intended for manual editing.
version = 4

[[package]]
name = "bitflags"
version = "1.3.2"
source = "registry+https://github.com/rust-lang/crates.io-index"
checksum = "bef38d45163c2f1dde094a7dfd33ccf595c92905c8f8f4fdc18d06fb1037718a"

[[package]]
name = "lazy_static"
version = "1.5.0"
source = "registry+https://github.com/rust-lang/crates.io-index"
checksum = "bbd2bcb4c963f2ddae06a2efc7e9f3591312473c50c6685e1f298068316e66fe"

[[package]]
name = "libc-nnsdk"
version = "0.5.0"
source = "registry+https://github.com/rust-lang/crates.io-index"
checksum = "1256a11d163c7288d94909f8120ede53294d8c233df314b0e4f01cf0269707da"

[[package]]
name = "ninput"
version = "0.1.0"
source = "git+https://github.com/blu-dev/ninput#af26d4de5bb5f444985193b296ce65fe364e6a33"
dependencies = [
 "bitflags",
]

[[package]]
name = "nnsdk"
version = "0.6.1"
source = "registry+https://github.com/rust-lang/crates.io-index"
checksum = "27692267bad39aba64dd4549de1ec63a22e41b6dd6b5ec99c7bf6dba175a14bd"
dependencies = [
 "libc-nnsdk",
]

[[package]]
name = "once_cell"
version = "1.21.4"
source = "registry+https://github.com/rust-lang/crates.io-index"
checksum = "9f7c3e4beb33f85d45ae3e3a1792185706c8e16d043238c593331cc7cd313b50"

[[package]]
name = "proc-macro2"
version = "1.0.106"
source = "registry+https://github.com/rust-lang/crates.io-index"
checksum = "8fd00f0bb2e90d81d1044c2b32617f68fcb9fa3bb7640c23e9c748e53fb30934"
dependencies = [
 "unicode-ident",
]

[[package]]
name = "quote"
version = "1.0.46"
source = "registry+https://github.com/rust-lang/crates.io-index"
checksum = "dfbc457d0c7a0759a614551b11a6409e5951f6c7537be1f1b7682b9ae9230368"
dependencies = [
 "proc-macro2",
]

[[package]]
name = "skyline"
version = "0.6.0"
source = "git+https://github.com/ultimate-research/skyline-rs.git#6b52d321275639f26c2371d8142550ba0013a5e4"
dependencies = [
 "libc-nnsdk",
 "nnsdk",
 "skyline_macro",
]

[[package]]
name = "skyline_macro"
version = "0.2.1"
source = "git+https://github.com/ultimate-research/skyline-rs.git#6b52d321275639f26c2371d8142550ba0013a5e4"
dependencies = [
 "lazy_static",
 "proc-macro2",
 "quote",
 "syn",
]

[[package]]
name = "ssbu-better-latency-slider"
version = "1.0.0"
dependencies = [
 "ninput",
 "once_cell",
 "skyline",
]

[[package]]
name = "syn"
version = "1.0.109"
source = "registry+https://github.com/rust-lang/crates.io-index"
checksum = "72b64191b275b66ffe2469e8af2c1cfe3bafa67b529ead792a6d0160888b4237"
dependencies = [
 "proc-macro2",
 "quote",
 "unicode-ident",
]

[[package]]
name = "unicode-ident"
version = "1.0.24"
source = "registry+https://github.com/rust-lang/crates.io-index"
checksum = "e6e4313cd5fcd3dad5cafa179702e2b244f760991f45397d14d4ebf38247da75"
